
Microsoft Visual Studio Solution File, Format Version 12.00
# Visual Studio Version 17
VisualStudioVersion = 17.7.34024.191
MinimumVisualStudioVersion = 10.0.40219.1
Project("{FAE04EC0-301F-11D3-BF4B-00C04F79EFBC}") = "DeckManagerConsoleAPP", "DeckManagerConsoleAPP\DeckManagerConsoleAPP.csproj", "{6B441367-CC18-47CE-A8EA-4CD952A2FB4D}"
EndProject
Global
	GlobalSection(SolutionConfigurationPlatforms) = preSolution
		Debug|Any CPU = Debug|Any CPU
		Release|Any CPU = Release|Any CPU
	EndGlobalSection
	GlobalSection(ProjectConfigurationPlatforms) = postSolution
		{6B441367-CC18-47CE-A8EA-4CD952A2FB4D}.Debug|Any CPU.ActiveCfg = Debug|Any CPU
		{6B441367-CC18-47CE-A8EA-4CD952A2FB4D}.Debug|Any CPU.Build.0 = Debug|Any CPU
		{6B441367-CC18-47CE-A8EA-4CD952A2FB4D}.Release|Any CPU.ActiveCfg = Release|Any CPU
		{6B441367-CC18-47CE-A8EA-4CD952A2FB4D}.Release|Any CPU.Build.0 = Release|Any CPU
	EndGlobalSection
	GlobalSection(SolutionProperties) = preSolution
		HideSolutionNode = FALSE
	EndGlobalSection
	GlobalSection(ExtensibilityGlobals) = postSolution
		SolutionGuid = {EF3CD2B9-8BB9-4174-87C1-21DDBDB787FB}
	EndGlobalSection
EndGlobal
